
Microsoft Visual Studio Solution File, Format Version 12.00
Project("{FAE04EC0-301F-11D3-BF4B-00C04F79EFBC}") = "Desafio-Fundamentos", "Desafio-Fundamentos.csproj", "{AE99C308-01C2-4207-A479-9ADB7E2E8C8C}"
EndProject
Global
	GlobalSection(SolutionConfigurationPlatforms) = preSolution
		Debug|Any CPU = Debug|Any CPU
		Release|Any CPU = Release|Any CPU
	EndGlobalSection
	GlobalSection(ProjectConfigurationPlatforms) = postSolution
		{AE99C308-01C2-4207-A479-9ADB7E2E8C8C}.Debug|Any CPU.ActiveCfg = Debug|Any CPU
		{AE99C308-01C2-4207-A479-9ADB7E2E8C8C}.Debug|Any CPU.Build.0 = Debug|Any CPU
		{AE99C308-01C2-4207-A479-9ADB7E2E8C8C}.Release|Any CPU.ActiveCfg = Release|Any CPU
		{AE99C308-01C2-4207-A479-9ADB7E2E8C8C}.Release|Any CPU.Build.0 = Release|Any CPU
	EndGlobalSection
EndGlobal
